Microsoft Visual Studio Solution File, Format Version 12.00
# Visual Studio Version 17
VisualStudioVersion = 17.5.2.0
MinimumVisualStudioVersion = 10.0.40219.1
Project("{FAE04EC0-301F-11D3-BF4B-00C04F79EFBC}") = "DiscountCodeGeneratorService.Grpc", "DiscountCodeGeneratorService.Grpc.csproj", "{6DBFE9FF-6D90-B75B-4493-B6A7254600C1}"
EndProject
Global
	GlobalSection(SolutionConfigurationPlatforms) = preSolution
		Debug|Any CPU = Debug|Any CPU
		Release|Any CPU = Release|Any CPU
	EndGlobalSection
	GlobalSection(ProjectConfigurationPlatforms) = postSolution
		{6DBFE9FF-6D90-B75B-4493-B6A7254600C1}.Debug|Any CPU.ActiveCfg = Debug|Any CPU
		{6DBFE9FF-6D90-B75B-4493-B6A7254600C1}.Debug|Any CPU.Build.0 = Debug|Any CPU
		{6DBFE9FF-6D90-B75B-4493-B6A7254600C1}.Release|Any CPU.ActiveCfg = Release|Any CPU
		{6DBFE9FF-6D90-B75B-4493-B6A7254600C1}.Release|Any CPU.Build.0 = Release|Any CPU
	EndGlobalSection
	GlobalSection(SolutionProperties) = preSolution
		HideSolutionNode = FALSE
	EndGlobalSection
	GlobalSection(ExtensibilityGlobals) = postSolution
		SolutionGuid = {68C0EDAC-BC04-4BD4-9795-1240DEC0AA70}
	EndGlobalSection
EndGlobal
